
Microsoft Visual Studio Solution File, Format Version 12.00
# Visual Studio 15
VisualStudioVersion = 15.0.27130.2010
MinimumVisualStudioVersion = 10.0.40219.1
Project("{FAE04EC0-301F-11D3-BF4B-00C04F79EFBC}") = "IntroToMethods", "IntroToMethods\IntroToMethods.csproj", "{19D94CA0-56F2-4450-9488-25F786C8D82A}"
EndProject
Global
	GlobalSection(SolutionConfigurationPlatforms) = preSolution
		Debug|Any CPU = Debug|Any CPU
		Release|Any CPU = Release|Any CPU
	EndGlobalSection
	GlobalSection(ProjectConfigurationPlatforms) = postSolution
		{19D94CA0-56F2-4450-9488-25F786C8D82A}.Debug|Any CPU.ActiveCfg = Debug|Any CPU
		{19D94CA0-56F2-4450-9488-25F786C8D82A}.Debug|Any CPU.Build.0 = Debug|Any CPU
		{19D94CA0-56F2-4450-9488-25F786C8D82A}.Release|Any CPU.ActiveCfg = Release|Any CPU
		{19D94CA0-56F2-4450-9488-25F786C8D82A}.Release|Any CPU.Build.0 = Release|Any CPU
	EndGlobalSection
	GlobalSection(SolutionProperties) = preSolution
		HideSolutionNode = FALSE
	EndGlobalSection
	GlobalSection(ExtensibilityGlobals) = postSolution
		SolutionGuid = {4F4FE93C-79E9-40C5-A768-D19C39E9BFD1}
	EndGlobalSection
EndGlobal
